
Microsoft Visual Studio Solution File, Format Version 12.00
# Visual Studio Version 16
VisualStudioVersion = 16.0.28803.156
MinimumVisualStudioVersion = 10.0.40219.1
Project("{9A19103F-16F7-4668-BE54-9A1E7A4F7556}") = "BODB", "BODB\BODB.csproj", "{94845126-90DF-4B84-89D8-7F0DA8269312}"
EndProject
Project("{9A19103F-16F7-4668-BE54-9A1E7A4F7556}") = "BOApi", "BOApi\BOApi.csproj", "{14F77BD7-915B-4615-89FC-8D63D82AA1B5}"
EndProject
Project("{9A19103F-16F7-4668-BE54-9A1E7A4F7556}") = "BOSite", "BOSite\BOSite.csproj", "{48AD55E4-8FB3-4DEB-A94E-7B3696C5792C}"
EndProject
Project("{FAE04EC0-301F-11D3-BF4B-00C04F79EFBC}") = "BOBuss", "BOBuss\BOBuss.csproj", "{58473EE3-F122-415D-9E9D-0BC353424BF7}"
EndProject
Global
	GlobalSection(SolutionConfigurationPlatforms) = preSolution
		Debug|Any CPU = Debug|Any CPU
		Release|Any CPU = Release|Any CPU
	EndGlobalSection
	GlobalSection(ProjectConfigurationPlatforms) = postSolution
		{94845126-90DF-4B84-89D8-7F0DA8269312}.Debug|Any CPU.ActiveCfg = Debug|Any CPU
		{94845126-90DF-4B84-89D8-7F0DA8269312}.Debug|Any CPU.Build.0 = Debug|Any CPU
		{94845126-90DF-4B84-89D8-7F0DA8269312}.Release|Any CPU.ActiveCfg = Release|Any CPU
		{94845126-90DF-4B84-89D8-7F0DA8269312}.Release|Any CPU.Build.0 = Release|Any CPU
		{14F77BD7-915B-4615-89FC-8D63D82AA1B5}.Debug|Any CPU.ActiveCfg = Debug|Any CPU
		{14F77BD7-915B-4615-89FC-8D63D82AA1B5}.Debug|Any CPU.Build.0 = Debug|Any CPU
		{14F77BD7-915B-4615-89FC-8D63D82AA1B5}.Release|Any CPU.ActiveCfg = Release|Any CPU
		{14F77BD7-915B-4615-89FC-8D63D82AA1B5}.Release|Any CPU.Build.0 = Release|Any CPU
		{48AD55E4-8FB3-4DEB-A94E-7B3696C5792C}.Debug|Any CPU.ActiveCfg = Debug|Any CPU
		{48AD55E4-8FB3-4DEB-A94E-7B3696C5792C}.Debug|Any CPU.Build.0 = Debug|Any CPU
		{48AD55E4-8FB3-4DEB-A94E-7B3696C5792C}.Release|Any CPU.ActiveCfg = Release|Any CPU
		{48AD55E4-8FB3-4DEB-A94E-7B3696C5792C}.Release|Any CPU.Build.0 = Release|Any CPU
		{58473EE3-F122-415D-9E9D-0BC353424BF7}.Debug|Any CPU.ActiveCfg = Debug|Any CPU
		{58473EE3-F122-415D-9E9D-0BC353424BF7}.Debug|Any CPU.Build.0 = Debug|Any CPU
		{58473EE3-F122-415D-9E9D-0BC353424BF7}.Release|Any CPU.ActiveCfg = Release|Any CPU
		{58473EE3-F122-415D-9E9D-0BC353424BF7}.Release|Any CPU.Build.0 = Release|Any CPU
	EndGlobalSection
	GlobalSection(SolutionProperties) = preSolution
		HideSolutionNode = FALSE
	EndGlobalSection
	GlobalSection(ExtensibilityGlobals) = postSolution
		SolutionGuid = {2513AEC7-A1FF-4FA7-8AC1-8CD75CD54197}
	EndGlobalSection
EndGlobal
